
Microsoft Visual Studio Solution File, Format Version 12.00
# Visual Studio Version 16
VisualStudioVersion = 16.0.30611.23
MinimumVisualStudioVersion = 10.0.40219.1
Project("{2150E333-8FDC-42A3-9474-1A3956D46DE8}") = "src", "src", "{FC0DB479-19EF-4B86-8D57-F3D4827CF27B}"
EndProject
Project("{FAE04EC0-301F-11D3-BF4B-00C04F79EFBC}") = "Senior.Revenda.Infrastructure", "src\Senior.Revenda.Infrastructure\Senior.Revenda.Infrastructure.csproj", "{EA0D9494-6364-440F-A936-81D5DE25E57D}"
EndProject
Project("{FAE04EC0-301F-11D3-BF4B-00C04F79EFBC}") = "Senior.Revenda.Contract", "src\Senior.Revenda.Contract\Senior.Revenda.Contract.csproj", "{024E9F07-87A8-474B-866A-3ACD263DD2E9}"
EndProject
Project("{FAE04EC0-301F-11D3-BF4B-00C04F79EFBC}") = "Senior.Revenda.Repository", "src\Senior.Revenda.Repository\Senior.Revenda.Repository.csproj", "{0C43D422-CF52-4EF8-990B-B50E0C122AF5}"
EndProject
Project("{FAE04EC0-301F-11D3-BF4B-00C04F79EFBC}") = "Senior.Revenda.Domain", "src\Senior.Revenda.Domain\Senior.Revenda.Domain.csproj", "{836BF1D6-C00C-47F6-95DD-B92C401CD075}"
EndProject
Project("{FAE04EC0-301F-11D3-BF4B-00C04F79EFBC}") = "Senior.Revenda.Business", "src\Senior.Revenda.Business\Senior.Revenda.Business.csproj", "{94C1834D-9399-4A31-8E14-D8D70BC96BFA}"
EndProject
Project("{FAE04EC0-301F-11D3-BF4B-00C04F79EFBC}") = "Senior.Revenda.IoC", "src\Senior.Revenda.IoC\Senior.Revenda.IoC.csproj", "{AC02BD97-F3F7-4DBB-B167-90A22CC69BEB}"
EndProject
Project("{FAE04EC0-301F-11D3-BF4B-00C04F79EFBC}") = "Senior.Revenda.Producer", "src\Senior.Revenda.Producer\Senior.Revenda.Producer.csproj", "{B4398FC8-B553-433F-9163-98E01F377AE5}"
EndProject
Project("{2150E333-8FDC-42A3-9474-1A3956D46DE8}") = "rabbitMQ", "rabbitMQ", "{AD219978-19FE-488D-9416-1ABFFEF87C03}"
EndProject
Project("{FAE04EC0-301F-11D3-BF4B-00C04F79EFBC}") = "Senior.Revenda.Mvc", "src\Senior.Revenda.Mvc\Senior.Revenda.Mvc.csproj", "{206A75F4-7246-446C-A745-5B3363126A71}"
EndProject
Project("{FAE04EC0-301F-11D3-BF4B-00C04F79EFBC}") = "Senior.Revenda.Mvc.Tests", "src\Senior.Revenda.Mvc.Tests\Senior.Revenda.Mvc.Tests.csproj", "{1C28F77D-6B10-4F7E-828A-59954E3172BC}"
EndProject
Project("{FAE04EC0-301F-11D3-BF4B-00C04F79EFBC}") = "Senior.Revenda.Consumer", "src\Senior.Revenda.Consumer\Senior.Revenda.Consumer.csproj", "{A4560EFC-FE35-48D6-BD86-EDD90209A0AD}"
EndProject
Global
	GlobalSection(SolutionConfigurationPlatforms) = preSolution
		Debug|Any CPU = Debug|Any CPU
		Release|Any CPU = Release|Any CPU
	EndGlobalSection
	GlobalSection(ProjectConfigurationPlatforms) = postSolution
		{EA0D9494-6364-440F-A936-81D5DE25E57D}.Debug|Any CPU.ActiveCfg = Debug|Any CPU
		{EA0D9494-6364-440F-A936-81D5DE25E57D}.Debug|Any CPU.Build.0 = Debug|Any CPU
		{EA0D9494-6364-440F-A936-81D5DE25E57D}.Release|Any CPU.ActiveCfg = Release|Any CPU
		{EA0D9494-6364-440F-A936-81D5DE25E57D}.Release|Any CPU.Build.0 = Release|Any CPU
		{024E9F07-87A8-474B-866A-3ACD263DD2E9}.Debug|Any CPU.ActiveCfg = Debug|Any CPU
		{024E9F07-87A8-474B-866A-3ACD263DD2E9}.Debug|Any CPU.Build.0 = Debug|Any CPU
		{024E9F07-87A8-474B-866A-3ACD263DD2E9}.Release|Any CPU.ActiveCfg = Release|Any CPU
		{024E9F07-87A8-474B-866A-3ACD263DD2E9}.Release|Any CPU.Build.0 = Release|Any CPU
		{0C43D422-CF52-4EF8-990B-B50E0C122AF5}.Debug|Any CPU.ActiveCfg = Debug|Any CPU
		{0C43D422-CF52-4EF8-990B-B50E0C122AF5}.Debug|Any CPU.Build.0 = Debug|Any CPU
		{0C43D422-CF52-4EF8-990B-B50E0C122AF5}.Release|Any CPU.ActiveCfg = Release|Any CPU
		{0C43D422-CF52-4EF8-990B-B50E0C122AF5}.Release|Any CPU.Build.0 = Release|Any CPU
		{836BF1D6-C00C-47F6-95DD-B92C401CD075}.Debug|Any CPU.ActiveCfg = Debug|Any CPU
		{836BF1D6-C00C-47F6-95DD-B92C401CD075}.Debug|Any CPU.Build.0 = Debug|Any CPU
		{836BF1D6-C00C-47F6-95DD-B92C401CD075}.Release|Any CPU.ActiveCfg = Release|Any CPU
		{836BF1D6-C00C-47F6-95DD-B92C401CD075}.Release|Any CPU.Build.0 = Release|Any CPU
		{94C1834D-9399-4A31-8E14-D8D70BC96BFA}.Debug|Any CPU.ActiveCfg = Debug|Any CPU
		{94C1834D-9399-4A31-8E14-D8D70BC96BFA}.Debug|Any CPU.Build.0 = Debug|Any CPU
		{94C1834D-9399-4A31-8E14-D8D70BC96BFA}.Release|Any CPU.ActiveCfg = Release|Any CPU
		{94C1834D-9399-4A31-8E14-D8D70BC96BFA}.Release|Any CPU.Build.0 = Release|Any CPU
		{AC02BD97-F3F7-4DBB-B167-90A22CC69BEB}.Debug|Any CPU.ActiveCfg = Debug|Any CPU
		{AC02BD97-F3F7-4DBB-B167-90A22CC69BEB}.Debug|Any CPU.Build.0 = Debug|Any CPU
		{AC02BD97-F3F7-4DBB-B167-90A22CC69BEB}.Release|Any CPU.ActiveCfg = Release|Any CPU
		{AC02BD97-F3F7-4DBB-B167-90A22CC69BEB}.Release|Any CPU.Build.0 = Release|Any CPU
		{B4398FC8-B553-433F-9163-98E01F377AE5}.Debug|Any CPU.ActiveCfg = Debug|Any CPU
		{B4398FC8-B553-433F-9163-98E01F377AE5}.Debug|Any CPU.Build.0 = Debug|Any CPU
		{B4398FC8-B553-433F-9163-98E01F377AE5}.Release|Any CPU.ActiveCfg = Release|Any CPU
		{B4398FC8-B553-433F-9163-98E01F377AE5}.Release|Any CPU.Build.0 = Release|Any CPU
		{206A75F4-7246-446C-A745-5B3363126A71}.Debug|Any CPU.ActiveCfg = Debug|Any CPU
		{206A75F4-7246-446C-A745-5B3363126A71}.Debug|Any CPU.Build.0 = Debug|Any CPU
		{206A75F4-7246-446C-A745-5B3363126A71}.Release|Any CPU.ActiveCfg = Release|Any CPU
		{206A75F4-7246-446C-A745-5B3363126A71}.Release|Any CPU.Build.0 = Release|Any CPU
		{1C28F77D-6B10-4F7E-828A-59954E3172BC}.Debug|Any CPU.ActiveCfg = Debug|Any CPU
		{1C28F77D-6B10-4F7E-828A-59954E3172BC}.Debug|Any CPU.Build.0 = Debug|Any CPU
		{1C28F77D-6B10-4F7E-828A-59954E3172BC}.Release|Any CPU.ActiveCfg = Release|Any CPU
		{1C28F77D-6B10-4F7E-828A-59954E3172BC}.Release|Any CPU.Build.0 = Release|Any CPU
		{A4560EFC-FE35-48D6-BD86-EDD90209A0AD}.Debug|Any CPU.ActiveCfg = Debug|Any CPU
		{A4560EFC-FE35-48D6-BD86-EDD90209A0AD}.Debug|Any CPU.Build.0 = Debug|Any CPU
		{A4560EFC-FE35-48D6-BD86-EDD90209A0AD}.Release|Any CPU.ActiveCfg = Release|Any CPU
		{A4560EFC-FE35-48D6-BD86-EDD90209A0AD}.Release|Any CPU.Build.0 = Release|Any CPU
	EndGlobalSection
	GlobalSection(SolutionProperties) = preSolution
		HideSolutionNode = FALSE
	EndGlobalSection
	GlobalSection(NestedProjects) = preSolution
		{EA0D9494-6364-440F-A936-81D5DE25E57D} = {FC0DB479-19EF-4B86-8D57-F3D4827CF27B}
		{024E9F07-87A8-474B-866A-3ACD263DD2E9} = {FC0DB479-19EF-4B86-8D57-F3D4827CF27B}
		{0C43D422-CF52-4EF8-990B-B50E0C122AF5} = {FC0DB479-19EF-4B86-8D57-F3D4827CF27B}
		{836BF1D6-C00C-47F6-95DD-B92C401CD075} = {FC0DB479-19EF-4B86-8D57-F3D4827CF27B}
		{94C1834D-9399-4A31-8E14-D8D70BC96BFA} = {FC0DB479-19EF-4B86-8D57-F3D4827CF27B}
		{AC02BD97-F3F7-4DBB-B167-90A22CC69BEB} = {FC0DB479-19EF-4B86-8D57-F3D4827CF27B}
		{B4398FC8-B553-433F-9163-98E01F377AE5} = {AD219978-19FE-488D-9416-1ABFFEF87C03}
		{AD219978-19FE-488D-9416-1ABFFEF87C03} = {FC0DB479-19EF-4B86-8D57-F3D4827CF27B}
		{206A75F4-7246-446C-A745-5B3363126A71} = {FC0DB479-19EF-4B86-8D57-F3D4827CF27B}
		{1C28F77D-6B10-4F7E-828A-59954E3172BC} = {FC0DB479-19EF-4B86-8D57-F3D4827CF27B}
		{A4560EFC-FE35-48D6-BD86-EDD90209A0AD} = {AD219978-19FE-488D-9416-1ABFFEF87C03}
	EndGlobalSection
	GlobalSection(ExtensibilityGlobals) = postSolution
		SolutionGuid = {DC4EFABE-D1DA-4F16-81A1-26FC62D2E8B6}
	EndGlobalSection
EndGlobal
